# This file is automatically @generated by Cargo.
# It is not intended for manual editing.
version = 3

[[package]]
name = "flattenator"
version = "0.1.0"
source = "git+https://github.com/eupraxia05/flattenator-core.git#99675d1b21b7b548383aa5040c02214cc74ceb8f"

[[package]]
name = "flattenator-bevy"
version = "0.1.0"
dependencies = [
 "flattenator",
]
